
Microsoft Visual Studio Solution File, Format Version 12.00
# Visual Studio 15
VisualStudioVersion = 15.0.28307.168
MinimumVisualStudioVersion = 10.0.40219.1
Project("{FAE04EC0-301F-11D3-BF4B-00C04F79EFBC}") = "ATM.Test.Unit", "ATM.Test.Unit\ATM.Test.Unit.csproj", "{672C3EA2-06D9-44BB-8DEB-96B374A5E798}"
EndProject
Project("{FAE04EC0-301F-11D3-BF4B-00C04F79EFBC}") = "ATM.App", "ATM.App\ATM.App.csproj", "{292F933E-E90F-4C9D-9BB2-019B939302C9}"
EndProject
Project("{FAE04EC0-301F-11D3-BF4B-00C04F79EFBC}") = "AirTrafficMonitor", "AirTrafficMonitor\AirTrafficMonitor.csproj", "{4386F5C9-DC62-4190-88D3-8E788D1BF50E}"
EndProject
Global
	GlobalSection(SolutionConfigurationPlatforms) = preSolution
		Debug|Any CPU = Debug|Any CPU
		Release|Any CPU = Release|Any CPU
	EndGlobalSection
	GlobalSection(ProjectConfigurationPlatforms) = postSolution
		{672C3EA2-06D9-44BB-8DEB-96B374A5E798}.Debug|Any CPU.ActiveCfg = Debug|Any CPU
		{672C3EA2-06D9-44BB-8DEB-96B374A5E798}.Debug|Any CPU.Build.0 = Debug|Any CPU
		{672C3EA2-06D9-44BB-8DEB-96B374A5E798}.Release|Any CPU.ActiveCfg = Release|Any CPU
		{672C3EA2-06D9-44BB-8DEB-96B374A5E798}.Release|Any CPU.Build.0 = Release|Any CPU
		{292F933E-E90F-4C9D-9BB2-019B939302C9}.Debug|Any CPU.ActiveCfg = Debug|Any CPU
		{292F933E-E90F-4C9D-9BB2-019B939302C9}.Debug|Any CPU.Build.0 = Debug|Any CPU
		{292F933E-E90F-4C9D-9BB2-019B939302C9}.Release|Any CPU.ActiveCfg = Release|Any CPU
		{292F933E-E90F-4C9D-9BB2-019B939302C9}.Release|Any CPU.Build.0 = Release|Any CPU
		{4386F5C9-DC62-4190-88D3-8E788D1BF50E}.Debug|Any CPU.ActiveCfg = Debug|Any CPU
		{4386F5C9-DC62-4190-88D3-8E788D1BF50E}.Debug|Any CPU.Build.0 = Debug|Any CPU
		{4386F5C9-DC62-4190-88D3-8E788D1BF50E}.Release|Any CPU.ActiveCfg = Release|Any CPU
		{4386F5C9-DC62-4190-88D3-8E788D1BF50E}.Release|Any CPU.Build.0 = Release|Any CPU
	EndGlobalSection
	GlobalSection(SolutionProperties) = preSolution
		HideSolutionNode = FALSE
	EndGlobalSection
	GlobalSection(ExtensibilityGlobals) = postSolution
		SolutionGuid = {70A70EEE-1668-47B1-85D2-4529797ABF0F}
	EndGlobalSection
EndGlobal
